# fluxor.lock — generated, edit via `fluxor update`
# Pinned store artifacts: one [[artifact]] entry per resolved digest.

[[artifact]]
kind = "module"
name = "adc_rp"
project = "fluxor"
target = "rp2350"
digest = "sha256:16565934dc8ff4361b11f37a7da0d1b9351e8d9a5ed191c297789565bf962f9b"
reference = "rp2350/adc_rp:0.0.1"

[[artifact]]
kind = "module"
name = "button"
project = "fluxor"
target = "rp2350"
digest = "sha256:ae543ff2ad11cc169aa999a7f2ac5a903404f97a688dff8d7b26215a1849e8d3"
reference = "rp2350/button:0.0.1"

[[artifact]]
kind = "module"
name = "ch9120"
project = "fluxor"
target = "rp2350"
digest = "sha256:357309ca6b297085fc37e99d3773b84f5500504852729356e1c1b79186763469"
reference = "rp2350/ch9120:0.0.1"

[[artifact]]
kind = "module"
name = "conn_demux"
project = "fluxor"
target = "bcm2712"
digest = "sha256:54f75402641398062a5952ffc2ad63bd6a70a3c226f338aac46b6639950eb863"
reference = "bcm2712/conn_demux:0.0.1"

[[artifact]]
kind = "module"
name = "conn_demux"
project = "fluxor"
target = "rp2350"
digest = "sha256:ea93380950ee1716eb0a566d9286239dbd0253c57c6f0c9fb29680ccc08f510b"
reference = "rp2350/conn_demux:0.0.1"

[[artifact]]
kind = "module"
name = "conn_guard"
project = "fluxor"
target = "bcm2712"
digest = "sha256:4259113af89411816f3314028fcb2620b296625bfee1c9371dd931ddc9814442"
reference = "bcm2712/conn_guard:0.0.1"

[[artifact]]
kind = "module"
name = "conn_guard"
project = "fluxor"
target = "rp2350"
digest = "sha256:4fed2282928fa6e31bdcbd2a5c2fb57f6d35c85a981d69eadfbb0197ea0bbfe0"
reference = "rp2350/conn_guard:0.0.1"

[[artifact]]
kind = "module"
name = "cyw43"
project = "fluxor"
target = "rp2350"
digest = "sha256:18f71cb72243d44635d8888dc47a978d1d03b889d97a6b0ef21861cc42f593b1"
reference = "rp2350/cyw43:0.0.1"

[[artifact]]
kind = "module"
name = "debug"
project = "fluxor"
target = "bcm2712"
digest = "sha256:e98d9bd5dd5071bd2f01023e9a88da4523d786b81ab4c330ddcae0b83b1c7907"
reference = "bcm2712/debug:0.0.1"

[[artifact]]
kind = "module"
name = "debug"
project = "fluxor"
target = "rp2350"
digest = "sha256:f0303dc6a25b7c3ac397e3fc022ae8b836d00f1fb0e443062a58fc8c531c79bb"
reference = "rp2350/debug:0.0.1"

[[artifact]]
kind = "module"
name = "demux"
project = "fluxor"
target = "bcm2712"
digest = "sha256:3d643433dccf29073533fafe4147fb3c40d714856495aacefea8bb6416246c03"
reference = "bcm2712/demux:0.0.1"

[[artifact]]
kind = "module"
name = "demux"
project = "fluxor"
target = "rp2350"
digest = "sha256:f5697d046ebe8da6fb2547daf044b16ca4cdca52c01568fbd7a93628b287979d"
reference = "rp2350/demux:0.0.1"

[[artifact]]
kind = "module"
name = "dma_probe"
project = "fluxor"
target = "bcm2712"
digest = "sha256:af406946936c683379cdaf3a57518c2c1637773891b10cd0a1c4766ca55d4e92"
reference = "bcm2712/dma_probe:0.0.1"

[[artifact]]
kind = "module"
name = "dns"
project = "fluxor"
target = "bcm2712"
digest = "sha256:4d2e40d52f90ddd26a4563db61e7790ff53f3be0c93bb726de15a0add507bb76"
reference = "bcm2712/dns:0.0.1"

[[artifact]]
kind = "module"
name = "dns"
project = "fluxor"
target = "rp2350"
digest = "sha256:e91dec99c8aa305bd29c13a8c992095252a548b52111eec3f2da305a603002c6"
reference = "rp2350/dns:0.0.1"

[[artifact]]
kind = "module"
name = "e810"
project = "fluxor"
target = "bcm2712"
digest = "sha256:694ae0af116e13e32352b25aa0d3e2395d273e86af0e5f66f26000c50349b0e1"
reference = "bcm2712/e810:0.0.1"

[[artifact]]
kind = "module"
name = "echo_anchor"
project = "fluxor"
target = "bcm2712"
digest = "sha256:7c5dc00390b5e1f7651d449d60e5e68c1df8fbe4a7f84694b247351a1c8896a9"
reference = "bcm2712/echo_anchor:0.0.1"

[[artifact]]
kind = "module"
name = "echo_anchor"
project = "fluxor"
target = "rp2350"
digest = "sha256:7268fd2da45164e4f29e077dbaf360bd55e297f1488f7c54713db8a099ac539b"
reference = "rp2350/echo_anchor:0.0.1"

[[artifact]]
kind = "module"
name = "echo_worker"
project = "fluxor"
target = "bcm2712"
digest = "sha256:94e563c1a2e86f062459bbe43587e140feabcf88886eba2238bc22e5eae25176"
reference = "bcm2712/echo_worker:0.0.1"

[[artifact]]
kind = "module"
name = "echo_worker"
project = "fluxor"
target = "rp2350"
digest = "sha256:0cde4459e75d7f2474a7bed9e881090590e3122d535b78e0e9865ffde16cbca5"
reference = "rp2350/echo_worker:0.0.1"

[[artifact]]
kind = "module"
name = "enc28j60"
project = "fluxor"
target = "rp2350"
digest = "sha256:0a3b5071e58c8e02f85df4637c9f305ebcb9fc8f69c96de97e9a5cd7df6d7259"
reference = "rp2350/enc28j60:0.0.1"

[[artifact]]
kind = "module"
name = "eth_parser"
project = "fluxor"
target = "bcm2712"
digest = "sha256:7abb30d465f70db2a03b8a844dde0e785812e1ab434097f7683a7bdff232a35c"
reference = "bcm2712/eth_parser:0.0.1"

[[artifact]]
kind = "module"
name = "eth_parser"
project = "fluxor"
target = "rp2350"
digest = "sha256:331c37f5a7731f163405ac24b568cd564aca1e23b666f4d8ba9df7f101b99b8c"
reference = "rp2350/eth_parser:0.0.1"

[[artifact]]
kind = "module"
name = "fat32"
project = "fluxor"
target = "bcm2712"
digest = "sha256:622d1a383849cc195485805cd6ed2d2f0e5621957a6d963e68e66dbc99f6262c"
reference = "bcm2712/fat32:0.0.1"

[[artifact]]
kind = "module"
name = "fat32"
project = "fluxor"
target = "rp2350"
digest = "sha256:52b22f1d73a9d500f283cf4c87c525e0b3d61d9d492321471f4e06ec6bffafd4"
reference = "rp2350/fat32:0.0.1"

[[artifact]]
kind = "module"
name = "fat32_seed"
project = "fluxor"
target = "bcm2712"
digest = "sha256:c5869825205c5cc2536b42277697d7acf8b2c1b571efb6ace8fc7f70d771a6ab"
reference = "bcm2712/fat32_seed:0.0.1"

[[artifact]]
kind = "module"
name = "fat32_seed"
project = "fluxor"
target = "rp2350"
digest = "sha256:e8c15c0d0a262ef7153644ba9d5d5e6b02b4e2dcfa240007c875cc05666ee80a"
reference = "rp2350/fat32_seed:0.0.1"

[[artifact]]
kind = "module"
name = "flash_rp"
project = "fluxor"
target = "rp2350"
digest = "sha256:17211b12e679dca3284142f9459bad3b11b6870ae05086472db3c61f5beb57a8"
reference = "rp2350/flash_rp:0.0.1"

[[artifact]]
kind = "module"
name = "format"
project = "fluxor"
target = "rp2350"
digest = "sha256:3b7d5b5da2f549f5f29c9dc87715035c34de6b107b599be803307fe9a029e6da"
reference = "rp2350/format:0.0.1"

[[artifact]]
kind = "module"
name = "fs_bank"
project = "fluxor"
target = "bcm2712"
digest = "sha256:fa130f8d1e470d31d422842f0c057df9f94763beac816e48bc11300ad7ea8ea1"
reference = "bcm2712/fs_bank:0.0.1"

[[artifact]]
kind = "module"
name = "fs_bank"
project = "fluxor"
target = "rp2350"
digest = "sha256:0990adea932f947cb5bda69a780da265ddec6a087fc58b14971a81dd5ff05be0"
reference = "rp2350/fs_bank:0.0.1"

[[artifact]]
kind = "module"
name = "fs_bank"
project = "fluxor"
target = "wasm"
digest = "sha256:742700d7d775c351091a241d85f2207fe53bbccdab5099d795c11d3363cb05be"
reference = "wasm/fs_bank:0.0.1"

[[artifact]]
kind = "module"
name = "fs_selftest"
project = "fluxor"
target = "bcm2712"
digest = "sha256:7ef4c1d2718e8f2200eefd5056802653f7e25c9f801c4b1c080b63e5ac3f5e2c"
reference = "bcm2712/fs_selftest:0.0.1"

[[artifact]]
kind = "module"
name = "fs_tap"
project = "fluxor"
target = "bcm2712"
digest = "sha256:4608e8684bd81d5424de6a0dee72bc74c4e945e336e5516eb78e8f6ba454acb9"
reference = "bcm2712/fs_tap:0.0.1"

[[artifact]]
kind = "module"
name = "fs_tap"
project = "fluxor"
target = "rp2350"
digest = "sha256:f0cce68b62a3eb11c98eb4032e1f7d19026049968b201ec4cd379451e0253886"
reference = "rp2350/fs_tap:0.0.1"

[[artifact]]
kind = "module"
name = "gallery_stage"
project = "fluxor"
target = "bcm2712"
digest = "sha256:32696dc11a0aa6e93304225fe2592e378b5c209dccf725f4f5e45dee86d9427d"
reference = "bcm2712/gallery_stage:0.0.1"

[[artifact]]
kind = "module"
name = "gesture"
project = "fluxor"
target = "bcm2712"
digest = "sha256:d7b1b5de7e76a495dfeb28a6b8e7f7b5d4c8f029aa233c18700f192ef83a3bc8"
reference = "bcm2712/gesture:0.0.1"

[[artifact]]
kind = "module"
name = "gesture"
project = "fluxor"
target = "rp2350"
digest = "sha256:5d3da4136964edecb229dd85ceb89bb016ec3c0051b3ac1e5c6d1a15d58581fa"
reference = "rp2350/gesture:0.0.1"

[[artifact]]
kind = "module"
name = "gesture"
project = "fluxor"
target = "wasm"
digest = "sha256:daad9cfe8293b28a7fde91dd8ceae43365f241c800622ef745da31508d7a68fb"
reference = "wasm/gesture:0.0.1"

[[artifact]]
kind = "module"
name = "graph_slot"
project = "fluxor"
target = "rp2350"
digest = "sha256:bf3f8dd27697b09f35434a4a5d18a901f2010dbf7238a07fffc7e6e219130253"
reference = "rp2350/graph_slot:0.0.1"

[[artifact]]
kind = "module"
name = "gt911"
project = "fluxor"
target = "rp2350"
digest = "sha256:e934f179c83d7bb63944d4dbd60acf05b9a4a816621f13817b459683446457ce"
reference = "rp2350/gt911:0.0.1"

[[artifact]]
kind = "module"
name = "i2c_dw"
project = "fluxor"
target = "rp2350"
digest = "sha256:44564613695ec60f2a5e726e36f20dd777ce43a04cb43d879faa4c802474da12"
reference = "rp2350/i2c_dw:0.0.1"

[[artifact]]
kind = "module"
name = "i2s_pio"
project = "fluxor"
target = "rp2350"
digest = "sha256:9e57c414998a5b8332b89cbd9982a2338f9a1be956d292dac4fd7dbe9a8827f5"
reference = "rp2350/i2s_pio:0.0.1"

[[artifact]]
kind = "module"
name = "ip"
project = "fluxor"
target = "bcm2712"
digest = "sha256:221b68dfbe135e1c4b6bbe23ed5784678f98f0299b05b1102a3e089b34dad0a5"
reference = "bcm2712/ip:0.0.1"

[[artifact]]
kind = "module"
name = "ip"
project = "fluxor"
target = "rp2350"
digest = "sha256:0ff19590dae008f5efd88afffcf05f150cd90e13c9df691e708b8ddb2f3b4c87"
reference = "rp2350/ip:0.0.1"

[[artifact]]
kind = "module"
name = "iso_heap"
project = "fluxor"
target = "bcm2712"
digest = "sha256:149a9c8cc14f7cec130147e7170a75bf7141a9bc9896830d3b1728df5d08181b"
reference = "bcm2712/iso_heap:0.0.1"

[[artifact]]
kind = "module"
name = "iso_probe"
project = "fluxor"
target = "bcm2712"
digest = "sha256:0320b949f2a9cb43eb2ea5b4dcf12623a1fbb42e172340c4a90f11bd76d69b6e"
reference = "bcm2712/iso_probe:0.0.1"

[[artifact]]
kind = "module"
name = "iso_transform"
project = "fluxor"
target = "bcm2712"
digest = "sha256:109ef5b091b89c6afc7372dc64ae052b1567fdc05e27bb4c3fd9a5aa7f3d7c00"
reference = "bcm2712/iso_transform:0.0.1"

[[artifact]]
kind = "module"
name = "kv_store"
project = "fluxor"
target = "bcm2712"
digest = "sha256:76715b2bb97b4e60bbc76252d111ebfc04b6653b83fd3f5888aa442ce8e48f2e"
reference = "bcm2712/kv_store:0.0.1"

[[artifact]]
kind = "module"
name = "kv_store"
project = "fluxor"
target = "rp2350"
digest = "sha256:5349498cd1ef76b897544cdbd92637fae27d0989cf0b14de87c31c90135a98e3"
reference = "rp2350/kv_store:0.0.1"

[[artifact]]
kind = "module"
name = "link"
project = "fluxor"
target = "rp2350"
digest = "sha256:95e64cc3cc3f580a9332b0678547b08f823f6f216eb0b4a98e2ad811fc0e0dcf"
reference = "rp2350/link:0.0.1"

[[artifact]]
kind = "module"
name = "load_gen"
project = "fluxor"
target = "bcm2712"
digest = "sha256:58d7ffda22fe407d39c347981e9e345b8d7886668730ef2b6af9ac28a64cb81e"
reference = "bcm2712/load_gen:0.0.1"

[[artifact]]
kind = "module"
name = "load_gen"
project = "fluxor"
target = "rp2350"
digest = "sha256:a1aed4247913049bc6d203222032684e5a7675d43dbfa93e18ff068c00c41cd1"
reference = "rp2350/load_gen:0.0.1"

[[artifact]]
kind = "module"
name = "log_net"
project = "fluxor"
target = "bcm2712"
digest = "sha256:e709c544686555b901cdbaa81d24b280b7a916bddd02c9387fd77340adde2707"
reference = "bcm2712/log_net:0.0.1"

[[artifact]]
kind = "module"
name = "log_net"
project = "fluxor"
target = "rp2350"
digest = "sha256:8762bfa0e080bf04cc626a221a7009256651ea84f3180524799fc9d19e10b15f"
reference = "rp2350/log_net:0.0.1"

[[artifact]]
kind = "module"
name = "mem_ns"
project = "fluxor"
target = "bcm2712"
digest = "sha256:df58ef9569ad88ac763dba8e3a3fa26b590caacb0ccb72e5836566e7fec06cc5"
reference = "bcm2712/mem_ns:0.0.1"

[[artifact]]
kind = "module"
name = "mem_ns"
project = "fluxor"
target = "rp2350"
digest = "sha256:189b68449f4786a22995afed2df4f2dcf903aa7e76e4351302df3661fa9a481d"
reference = "rp2350/mem_ns:0.0.1"

[[artifact]]
kind = "module"
name = "mic_pio"
project = "fluxor"
target = "rp2350"
digest = "sha256:e5c852ec325bb39074224f2c4cb2305615757c31ff214d0fccd32221bd26fa91"
reference = "rp2350/mic_pio:0.0.1"

[[artifact]]
kind = "module"
name = "monitor"
project = "fluxor"
target = "bcm2712"
digest = "sha256:b863aebc69623bae9cadb9a257583b5caa3740e4154e5b8a05ee6813c410cdde"
reference = "bcm2712/monitor:0.0.1"

[[artifact]]
kind = "module"
name = "monitor"
project = "fluxor"
target = "rp2350"
digest = "sha256:f984413428019cd13cbe34385b803d4c4ad7d8861ea89ed5db5f13bf625e563f"
reference = "rp2350/monitor:0.0.1"

[[artifact]]
kind = "module"
name = "mount"
project = "fluxor"
target = "bcm2712"
digest = "sha256:35d97087e1cb8f422a7e4ef8341e736aede24ada654e88b49a4d44ac5a4e79c0"
reference = "bcm2712/mount:0.0.1"

[[artifact]]
kind = "module"
name = "mount"
project = "fluxor"
target = "rp2350"
digest = "sha256:dd630cc52ed79db6a02efb634956a0a36c27f8fe1fcc2ce2b916369112b1cb55"
reference = "rp2350/mount:0.0.1"

[[artifact]]
kind = "module"
name = "mux_echo"
project = "fluxor"
target = "bcm2712"
digest = "sha256:16cc69d17fb7e628e26a9f9d9951d953d817fc2594c50d34834e635a7fdaf36d"
reference = "bcm2712/mux_echo:0.0.1"

[[artifact]]
kind = "module"
name = "mux_echo"
project = "fluxor"
target = "rp2350"
digest = "sha256:abc6f4fb9b63f4a4297be4f5dfe2111416d2e0a8d4f8e5c22b631ae7c8c08f60"
reference = "rp2350/mux_echo:0.0.1"

[[artifact]]
kind = "module"
name = "nvme"
project = "fluxor"
target = "bcm2712"
digest = "sha256:5514863e0eff75fb055e2eb6c770d683ff6c02bb4e8e02a5e240319935204ea0"
reference = "bcm2712/nvme:0.0.1"

[[artifact]]
kind = "module"
name = "nvme_arena_probe"
project = "fluxor"
target = "bcm2712"
digest = "sha256:e4d8cadf043e26ee9f56441c647dfa0405e3919cd01fcf39109b19d51a183a85"
reference = "bcm2712/nvme_arena_probe:0.0.1"

[[artifact]]
kind = "module"
name = "nvme_perf_probe"
project = "fluxor"
target = "bcm2712"
digest = "sha256:e33512510f9def807280e05c1666a12e7d48155532e9e038bacb6b73270bd47f"
reference = "bcm2712/nvme_perf_probe:0.0.1"

[[artifact]]
kind = "module"
name = "object_bank"
project = "fluxor"
target = "bcm2712"
digest = "sha256:95b38df3d34c4b24083d76934645fa3941ac69bf7a3d5700289aad7860e2c691"
reference = "bcm2712/object_bank:0.0.1"

[[artifact]]
kind = "module"
name = "object_bank"
project = "fluxor"
target = "rp2350"
digest = "sha256:9a4a74e709720c53cd8e4889e0eacfa84dd4b1f2a3b76efc3542a5a5048d38e0"
reference = "rp2350/object_bank:0.0.1"

[[artifact]]
kind = "module"
name = "object_bank"
project = "fluxor"
target = "wasm"
digest = "sha256:aed333ee508a69dc85c56fe41faff31bd452f8e27c1e91ae2f6f45c189ad7ea8"
reference = "wasm/object_bank:0.0.1"

[[artifact]]
kind = "module"
name = "observe"
project = "fluxor"
target = "bcm2712"
digest = "sha256:fd9a4938e88ffec6e63168019b31e64d25797b05db1fe9f4d64aa84ef701cf29"
reference = "bcm2712/observe:0.0.1"

[[artifact]]
kind = "module"
name = "observe"
project = "fluxor"
target = "rp2350"
digest = "sha256:3172c72e1210170b61578c8bfc4771100bd477bf9cc03da16a73ad86405dfb4d"
reference = "rp2350/observe:0.0.1"

[[artifact]]
kind = "module"
name = "ota_ingest"
project = "fluxor"
target = "rp2350"
digest = "sha256:1f15208ab9d59e3376f2ad8b5e7fcb7a347dae95fa5d6703a55eb78268ccc34d"
reference = "rp2350/ota_ingest:0.0.1"

[[artifact]]
kind = "module"
name = "ota_registry"
project = "fluxor"
target = "bcm2712"
digest = "sha256:a0350b67cdf8402e2dcb9b42e36ef954c2c3689f0351b34e53faffe2e63f95e2"
reference = "bcm2712/ota_registry:0.0.1"

[[artifact]]
kind = "module"
name = "otel"
project = "fluxor"
target = "bcm2712"
digest = "sha256:89609bbeea6b02876126d06a5a9dbefc6a677a370c2595b7d696ca8e65020e2f"
reference = "bcm2712/otel:0.0.1"

[[artifact]]
kind = "module"
name = "otel"
project = "fluxor"
target = "rp2350"
digest = "sha256:5b564161a46c716804bb64b889f486fc2135b2126d31cf95b832b9bf01712512"
reference = "rp2350/otel:0.0.1"

[[artifact]]
kind = "module"
name = "panel_surface_traits"
project = "fluxor"
target = "bcm2712"
digest = "sha256:6a30ad0d80aba27f45e113ca92d64e60082060b4f70f986f04c60bd99d22acdd"
reference = "bcm2712/panel_surface_traits:0.0.1"

[[artifact]]
kind = "module"
name = "panel_surface_traits"
project = "fluxor"
target = "rp2350"
digest = "sha256:c943c10b2de3d5899a6f816bb7aa492d3d9dc26e9abcf1bdb401d1c4b95f9f1a"
reference = "rp2350/panel_surface_traits:0.0.1"

[[artifact]]
kind = "module"
name = "pause_driver"
project = "fluxor"
target = "bcm2712"
digest = "sha256:4aecd82f30a8b37b25bda400f313804ba72b7567f23d81004faa028911e0e06f"
reference = "bcm2712/pause_driver:0.0.1"

[[artifact]]
kind = "module"
name = "pause_probe"
project = "fluxor"
target = "bcm2712"
digest = "sha256:b0362ba1a63eb4768e6db83f8e5094adf557e1e8330963c1e4ba8a96040f6a90"
reference = "bcm2712/pause_probe:0.0.1"

[[artifact]]
kind = "module"
name = "pcie_scan"
project = "fluxor"
target = "bcm2712"
digest = "sha256:11c1f49082657d0440887389ad871e16e01492e7139aa738d0c11ffc9536b150"
reference = "bcm2712/pcie_scan:0.0.1"

[[artifact]]
kind = "module"
name = "pio_rp"
project = "fluxor"
target = "rp2350"
digest = "sha256:e7719bad4262ca07ca4b6b428c35e14fb072be86b27ace0e76dcf42e26205405"
reference = "rp2350/pio_rp:0.0.1"

[[artifact]]
kind = "module"
name = "pkt_filter"
project = "fluxor"
target = "bcm2712"
digest = "sha256:354d315bca3ef8a5d4d92109ba698aa44816971f42583d45c809f58737231e37"
reference = "bcm2712/pkt_filter:0.0.1"

[[artifact]]
kind = "module"
name = "pkt_filter"
project = "fluxor"
target = "rp2350"
digest = "sha256:2209d91c4fc3c74b8ca5fc326aadeafbff47c405671cbd318acee030286d1b10"
reference = "rp2350/pkt_filter:0.0.1"

[[artifact]]
kind = "module"
name = "presentation_resolver"
project = "fluxor"
target = "bcm2712"
digest = "sha256:065b215eada9396c7f4a7914a25f2a65661f8df30ed675052e06571c7e48e6de"
reference = "bcm2712/presentation_resolver:0.0.1"

[[artifact]]
kind = "module"
name = "presentation_resolver"
project = "fluxor"
target = "rp2350"
digest = "sha256:bc37702d7656417f55f1f9d3705ab83a1f4630457449affcfe164e1a1e476acb"
reference = "rp2350/presentation_resolver:0.0.1"

[[artifact]]
kind = "module"
name = "presentation_resolver"
project = "fluxor"
target = "wasm"
digest = "sha256:019fb60e174f5cc0dd0108b8804be74aa4b78f4cd0477ec326b501b792bfab4f"
reference = "wasm/presentation_resolver:0.0.1"

[[artifact]]
kind = "module"
name = "pwm_out"
project = "fluxor"
target = "rp2350"
digest = "sha256:c5aef1752a6510ecc863ec707b11d3d704e95776fe77f6e84d24a84e70525863"
reference = "rp2350/pwm_out:0.0.1"

[[artifact]]
kind = "module"
name = "pwm_rp"
project = "fluxor"
target = "rp2350"
digest = "sha256:b9101d23c3f37e28078ba481398b969a87eb3e003417127d47bffbd2a9be9f6e"
reference = "rp2350/pwm_rp:0.0.1"

[[artifact]]
kind = "module"
name = "quic"
project = "fluxor"
target = "bcm2712"
digest = "sha256:37e8210a46892267fd5e31ab32c4cb2e4e926c8e7e8b647fe3b3abf781251182"
reference = "bcm2712/quic:0.0.1"

[[artifact]]
kind = "module"
name = "reconfigure"
project = "fluxor"
target = "bcm2712"
digest = "sha256:1673692b923c136a9acf80953dee5850f9e270eea1c362cb85bdc6797fa6cb15"
reference = "bcm2712/reconfigure:0.0.1"

[[artifact]]
kind = "module"
name = "reconfigure"
project = "fluxor"
target = "rp2350"
digest = "sha256:dbce61c8c26776ed18fc4946922abf0336675aa09350c5438d6292dd1117ab55"
reference = "rp2350/reconfigure:0.0.1"

[[artifact]]
kind = "module"
name = "remote_channel"
project = "fluxor"
target = "bcm2712"
digest = "sha256:cfba6bf9539a90f0632e247bc8670c6cdae3724faadb45b13e4139bf50f10e86"
reference = "bcm2712/remote_channel:0.0.1"

[[artifact]]
kind = "module"
name = "remote_channel"
project = "fluxor"
target = "rp2350"
digest = "sha256:f9915a93d69005d48ac9732d4e7b3f745589b36937c38c57036cc1b1c346b53a"
reference = "rp2350/remote_channel:0.0.1"

[[artifact]]
kind = "module"
name = "remote_channel"
project = "fluxor"
target = "wasm"
digest = "sha256:096789088aa45292a920eaed2feb766fb7b9722ccfef5aae4a2b55d0d3fb95df"
reference = "wasm/remote_channel:0.0.1"

[[artifact]]
kind = "module"
name = "rp1_gem"
project = "fluxor"
target = "bcm2712"
digest = "sha256:42b6f37ae4138efbdeca06d58aa1bddc2f4a645dcda9b40c30d2690462bbf539"
reference = "bcm2712/rp1_gem:0.0.1"

[[artifact]]
kind = "module"
name = "rules"
project = "fluxor"
target = "rp2350"
digest = "sha256:f901ddebb83fe1c60a685332d568891642832cbccf0de4f00ba516ef1e411e2f"
reference = "rp2350/rules:0.0.1"

[[artifact]]
kind = "module"
name = "sd"
project = "fluxor"
target = "rp2350"
digest = "sha256:a3200da0157e0d735a094b1dc8e7b206ec7913b1c9add4b7cd2fa26f6146dd6b"
reference = "rp2350/sd:0.0.1"

[[artifact]]
kind = "module"
name = "smmu"
project = "fluxor"
target = "bcm2712"
digest = "sha256:52db88a87d948df661dead49c680c326b0308d66134bc4958fe2a0e12aec0591"
reference = "bcm2712/smmu:0.0.1"

[[artifact]]
kind = "module"
name = "spi_pl022"
project = "fluxor"
target = "rp2350"
digest = "sha256:3f7c8c98a3d7e96675a72b63439aedb290c6309253a5f540c7e4175f469e880e"
reference = "rp2350/spi_pl022:0.0.1"

[[artifact]]
kind = "module"
name = "st7701s"
project = "fluxor"
target = "rp2350"
digest = "sha256:4b7f3531b55a4824adde8cea6e072ee46a3584dc755954597b6fce529cf1559d"
reference = "rp2350/st7701s:0.0.1"

[[artifact]]
kind = "module"
name = "synth_source"
project = "fluxor"
target = "bcm2712"
digest = "sha256:69375e2092f2d2522b3c8984fcf7beb44d7b77f1498949f2fd5e27cefe2be53c"
reference = "bcm2712/synth_source:0.0.1"

[[artifact]]
kind = "module"
name = "synth_source"
project = "fluxor"
target = "rp2350"
digest = "sha256:4970a5fb5d1fa8efe36000bd64d12eabda515da1d3ea4cb04b9284d552b6f4e2"
reference = "rp2350/synth_source:0.0.1"

[[artifact]]
kind = "module"
name = "temp_sensor"
project = "fluxor"
target = "rp2350"
digest = "sha256:c5dfaee02b3979bf8ae7907782af36fbcc566c06ff37eed6327a27af241b867a"
reference = "rp2350/temp_sensor:0.0.1"

[[artifact]]
kind = "module"
name = "test_fault"
project = "fluxor"
target = "bcm2712"
digest = "sha256:93eba0a4ff8706e65b5fdc71c111a72102d0e2c44a5c7b43fef537730bc90df2"
reference = "bcm2712/test_fault:0.0.1"

[[artifact]]
kind = "module"
name = "test_fault"
project = "fluxor"
target = "rp2350"
digest = "sha256:e78b4006942125a8e17e89cb7ed4c78c755dd8c02e41fd712bf51292baf82045"
reference = "rp2350/test_fault:0.0.1"

[[artifact]]
kind = "module"
name = "tier2_probe"
project = "fluxor"
target = "bcm2712"
digest = "sha256:13ddb79f2b34a67f597d8dbbe211f3696dc672f9dee449139caf35656d996594"
reference = "bcm2712/tier2_probe:0.0.1"

[[artifact]]
kind = "module"
name = "tls"
project = "fluxor"
target = "bcm2712"
digest = "sha256:6f37c0aeff6112b81902930f9eef041ab7ad58066e14e57a410b0447dc24ee62"
reference = "bcm2712/tls:0.0.1"

[[artifact]]
kind = "module"
name = "tls"
project = "fluxor"
target = "rp2350"
digest = "sha256:66e4f3a594bea921ec4a6593a5f82ddcf36fa06541a527d0d97fd8cd00790456"
reference = "rp2350/tls:0.0.1"

[[artifact]]
kind = "module"
name = "transport_buffer"
project = "fluxor"
target = "bcm2712"
digest = "sha256:46c435b16d3b705fdd2c3dae423edffc4c68099225a546871301b0bfcab288c1"
reference = "bcm2712/transport_buffer:0.0.1"

[[artifact]]
kind = "module"
name = "transport_buffer"
project = "fluxor"
target = "rp2350"
digest = "sha256:a42351dcdec2e71f7782d03af4e39ab577f00179c194c0031283b9fc080144af"
reference = "rp2350/transport_buffer:0.0.1"

[[artifact]]
kind = "module"
name = "uart_pl011"
project = "fluxor"
target = "rp2350"
digest = "sha256:0425e3b29a30f204faa38fe9a5eb56bc8f1befa0190c7f7499dae04013466d6a"
reference = "rp2350/uart_pl011:0.0.1"

[[artifact]]
kind = "module"
name = "usb_midi_host"
project = "fluxor"
target = "bcm2712"
digest = "sha256:cabb6ea7abf77021394d092552de8931a490c2c6f07449c97e0cf7c402281209"
reference = "bcm2712/usb_midi_host:0.0.1"

[[artifact]]
kind = "module"
name = "usb_midi_host"
project = "fluxor"
target = "rp2350"
digest = "sha256:450144a924c09ce2d39ec335ee7b63e57058b427327c287371a425992a4f85cc"
reference = "rp2350/usb_midi_host:0.0.1"

[[artifact]]
kind = "module"
name = "virtio_net"
project = "fluxor"
target = "bcm2712"
digest = "sha256:9fe8d222703349bb1adc32ccf6992fa9583eb11068a7274fcb035f413d558cc5"
reference = "bcm2712/virtio_net:0.0.1"

[[artifact]]
kind = "module"
name = "wake_snk"
project = "fluxor"
target = "bcm2712"
digest = "sha256:9b6ab9d5e1cf4a7e5e6557bafe956fc6f55ca06db782965cb392cc7e297583b3"
reference = "bcm2712/wake_snk:0.0.1"

[[artifact]]
kind = "module"
name = "wake_src"
project = "fluxor"
target = "bcm2712"
digest = "sha256:6d696e6a8280b67dca91b2890ba8a9248a6ac90f428e3a8a688fbb569b231fdb"
reference = "bcm2712/wake_src:0.0.1"

[[artifact]]
kind = "module"
name = "wifi"
project = "fluxor"
target = "rp2350"
digest = "sha256:26f5edc69950d04a3f2c8ac8db1ab8a10787a4a4b3979e35e0d716e416a89712"
reference = "rp2350/wifi:0.0.1"

[[artifact]]
kind = "runtime"
name = "fluxor"
project = "fluxor"
target = "aarch64-unknown-linux-gnu"
digest = "sha256:38a0a990d15ecb55deb95b7e1e104d907083dd64eb6c1abd6046eb745476c7b5"
reference = "fluxor/run/fluxor-aarch64-unknown-linux-gnu:0.0.1"

[[artifact]]
kind = "runtime"
name = "fluxor-linux"
project = "fluxor"
target = "aarch64-unknown-linux-gnu"
digest = "sha256:d49ae0aeffb27bf28006e5db136f1995d03b49a905d4080c87d50ec09f57be9f"
reference = "fluxor/run/fluxor-linux-aarch64-unknown-linux-gnu:0.0.1"

[[artifact]]
kind = "source"
name = "fluxor-abi"
project = "fluxor"
digest = "sha256:27a7778502010033411c17ebba48dace8839dfadf4b849ef7964b23ad854e81a"
reference = "fluxor/src/fluxor-abi:0.0.1"

[[artifact]]
kind = "source"
name = "fluxor-contracts"
project = "fluxor"
digest = "sha256:33765716159c7b33cb24fd027bb9c315a5ede8c1440f461b3995114ac349c855"
reference = "fluxor/src/fluxor-contracts:0.0.1"
