# fluxor.lock — generated, edit via `fluxor update`
# Pinned store artifacts: one [[artifact]] entry per resolved digest.

[[artifact]]
kind = "module"
name = "adc_rp"
project = "fluxor"
target = "rp2350"
digest = "sha256:140db8805619a75170bf682dc87caab9e3d79cbf8f3e577fc8a3686770c4acbe"
reference = "rp2350/adc_rp:0.0.1"

[[artifact]]
kind = "module"
name = "button"
project = "fluxor"
target = "rp2350"
digest = "sha256:0d2a270d5bd64b21885ddfa13978442ab5a98ad89cff578c85b407e95b678baa"
reference = "rp2350/button:0.0.1"

[[artifact]]
kind = "module"
name = "ch9120"
project = "fluxor"
target = "rp2350"
digest = "sha256:24227a96ac36e69d6d1a2fa2e45405602381a87104292edeef2952fcb461b21c"
reference = "rp2350/ch9120:0.0.1"

[[artifact]]
kind = "module"
name = "conn_demux"
project = "fluxor"
target = "bcm2712"
digest = "sha256:d83b44b9c9925fa248fffa991611f4447f2c4508f179e1c201605c0afff411cd"
reference = "bcm2712/conn_demux:0.0.1"

[[artifact]]
kind = "module"
name = "conn_demux"
project = "fluxor"
target = "rp2350"
digest = "sha256:95f2a46b5276c7b37b764153aad964972dbf1cc3d1921995025250a6fcd12e18"
reference = "rp2350/conn_demux:0.0.1"

[[artifact]]
kind = "module"
name = "conn_guard"
project = "fluxor"
target = "bcm2712"
digest = "sha256:5eaa92220fae835b12d22715a49416b105440951bc23387a8149fb4a6b9ee0c4"
reference = "bcm2712/conn_guard:0.0.1"

[[artifact]]
kind = "module"
name = "conn_guard"
project = "fluxor"
target = "rp2350"
digest = "sha256:2c97c13ff261cae79f0ce73826b2248b47e59f6ec29c31e067f8e43a558d27ba"
reference = "rp2350/conn_guard:0.0.1"

[[artifact]]
kind = "module"
name = "cyw43"
project = "fluxor"
target = "rp2350"
digest = "sha256:1cf4d3053a2256e7184e9151439c7c55c736bdee67b75f95615cb7b1fb97818e"
reference = "rp2350/cyw43:0.0.1"

[[artifact]]
kind = "module"
name = "debug"
project = "fluxor"
target = "bcm2712"
digest = "sha256:500e50ea438b5234c4d742d018fef79bd4bca61cb0f9b7ec5e6918be02c5d3d1"
reference = "bcm2712/debug:0.0.1"

[[artifact]]
kind = "module"
name = "debug"
project = "fluxor"
target = "rp2350"
digest = "sha256:4d3a7650c64708b38622028694acec5e3abcc5a13a6889d89827920d57d6ebfb"
reference = "rp2350/debug:0.0.1"

[[artifact]]
kind = "module"
name = "demux"
project = "fluxor"
target = "bcm2712"
digest = "sha256:5e23a36c7263637045b15fd60b424c38fed653d721343a0948fbea53db8c59bf"
reference = "bcm2712/demux:0.0.1"

[[artifact]]
kind = "module"
name = "demux"
project = "fluxor"
target = "rp2350"
digest = "sha256:0a04f923acb19f14fef724c5f59b3fe46698e25a4f9824320e94faccc77eb199"
reference = "rp2350/demux:0.0.1"

[[artifact]]
kind = "module"
name = "dma_probe"
project = "fluxor"
target = "bcm2712"
digest = "sha256:458d63d38b963e3c7f545949df1acbdf6c51831cb9ffdd15f31330985ec548ee"
reference = "bcm2712/dma_probe:0.0.1"

[[artifact]]
kind = "module"
name = "dns"
project = "fluxor"
target = "bcm2712"
digest = "sha256:2478eccd22c16fc2810de82f7208a86d339490973373cbc5b54836fb24e99e03"
reference = "bcm2712/dns:0.0.1"

[[artifact]]
kind = "module"
name = "dns"
project = "fluxor"
target = "rp2350"
digest = "sha256:86f8454dc00bddb891bb8df7565c524ddec1b161e4bf940057d658ba3cd6922f"
reference = "rp2350/dns:0.0.1"

[[artifact]]
kind = "module"
name = "e810"
project = "fluxor"
target = "bcm2712"
digest = "sha256:0aea43cb2bb8eb6172011459b7ffcd82972d1dc72cbe6354dbf4688b578c21cd"
reference = "bcm2712/e810:0.0.1"

[[artifact]]
kind = "module"
name = "echo_anchor"
project = "fluxor"
target = "bcm2712"
digest = "sha256:d3c26989af956bd768cafe44869337d3bcd509226edb36d01ecaf63dd20ca4dc"
reference = "bcm2712/echo_anchor:0.0.1"

[[artifact]]
kind = "module"
name = "echo_anchor"
project = "fluxor"
target = "rp2350"
digest = "sha256:b4720dbdfba11e0e988bec34a4eaa87c894a523c5e444a3a49cd14da129f8c3f"
reference = "rp2350/echo_anchor:0.0.1"

[[artifact]]
kind = "module"
name = "echo_worker"
project = "fluxor"
target = "bcm2712"
digest = "sha256:3341464805af921f3344c98273702def151d73efa12f83abccfdc48ae5dd5ab8"
reference = "bcm2712/echo_worker:0.0.1"

[[artifact]]
kind = "module"
name = "echo_worker"
project = "fluxor"
target = "rp2350"
digest = "sha256:06e8a5fb936e38bf82a53b7c74fd93cb619df6b2e2c1d27823e37149037c7d25"
reference = "rp2350/echo_worker:0.0.1"

[[artifact]]
kind = "module"
name = "enc28j60"
project = "fluxor"
target = "rp2350"
digest = "sha256:97fc9f62f47de96cd07f3987040c1ad9a6632a835d4d69f178393557581e73fc"
reference = "rp2350/enc28j60:0.0.1"

[[artifact]]
kind = "module"
name = "eth_parser"
project = "fluxor"
target = "bcm2712"
digest = "sha256:91d5ba0d3abed868b1bd649f6c72b0d813fa057d7b96626c9200da42e0a09567"
reference = "bcm2712/eth_parser:0.0.1"

[[artifact]]
kind = "module"
name = "eth_parser"
project = "fluxor"
target = "rp2350"
digest = "sha256:a112e2450d5493f876a354f873dda8adb2cf3f8b455ec90c326702c1f253138c"
reference = "rp2350/eth_parser:0.0.1"

[[artifact]]
kind = "module"
name = "exchange_poster"
project = "fluxor"
target = "bcm2712"
digest = "sha256:3bb8bba04d82ad6564c5bda20e4c03d4065d481ccb0107031d433b2a36ddf6e0"
reference = "bcm2712/exchange_poster:0.0.1"

[[artifact]]
kind = "module"
name = "exchange_poster"
project = "fluxor"
target = "rp2350"
digest = "sha256:57fbd30541b526a3a948ac8ec29d69da4104e202e599c7aef55337f42f6ffb70"
reference = "rp2350/exchange_poster:0.0.1"

[[artifact]]
kind = "module"
name = "fat32"
project = "fluxor"
target = "bcm2712"
digest = "sha256:da2b93da2b758ce338e8937782c18196d220a1d95b31bdb020c079627d34a95d"
reference = "bcm2712/fat32:0.0.1"

[[artifact]]
kind = "module"
name = "fat32"
project = "fluxor"
target = "rp2350"
digest = "sha256:a277e2a4266de0bfebf24d202ced7a880f02f08483b68b8dae52b74113f85b8e"
reference = "rp2350/fat32:0.0.1"

[[artifact]]
kind = "module"
name = "fat32_seed"
project = "fluxor"
target = "bcm2712"
digest = "sha256:eea897b8cee14b1a5d4f8fa06127b633734457b84580e40224dd45d1baa5e58b"
reference = "bcm2712/fat32_seed:0.0.1"

[[artifact]]
kind = "module"
name = "fat32_seed"
project = "fluxor"
target = "rp2350"
digest = "sha256:cd54d5841017065299e174753c9a97367f14ba6d1e1793869c1a7a0b2e502619"
reference = "rp2350/fat32_seed:0.0.1"

[[artifact]]
kind = "module"
name = "flash_rp"
project = "fluxor"
target = "rp2350"
digest = "sha256:ad97c187212ba506d773a8ba7758e780d049a92b1a0f1e8ecbb4fdc1c5b34b68"
reference = "rp2350/flash_rp:0.0.1"

[[artifact]]
kind = "module"
name = "format"
project = "fluxor"
target = "rp2350"
digest = "sha256:3eed81edf54294251dfe8228953820c392e9333c92f4aeaefbcc037af69d2cc4"
reference = "rp2350/format:0.0.1"

[[artifact]]
kind = "module"
name = "fs_bank"
project = "fluxor"
target = "bcm2712"
digest = "sha256:609e4f7a27ed7069206ff3a434cdb17e493804aca295f7ac81dbf3587dc9cebd"
reference = "bcm2712/fs_bank:0.0.1"

[[artifact]]
kind = "module"
name = "fs_bank"
project = "fluxor"
target = "rp2350"
digest = "sha256:2714456cfc76aea58a9b45a6d632cabf613fdfdb1b3e1d3da249556bd17475dc"
reference = "rp2350/fs_bank:0.0.1"

[[artifact]]
kind = "module"
name = "fs_bank"
project = "fluxor"
target = "wasm"
digest = "sha256:b882092f4ef875bf39c2fb011edc0ed735a1cb94d0f7f6ffb2c06eeb091e890a"
reference = "wasm/fs_bank:0.0.1"

[[artifact]]
kind = "module"
name = "fs_selftest"
project = "fluxor"
target = "bcm2712"
digest = "sha256:dcaaeda603f35aac64be0493eb4e31fa9103fff1587dbcf3bef7e078621fa2f9"
reference = "bcm2712/fs_selftest:0.0.1"

[[artifact]]
kind = "module"
name = "fs_tap"
project = "fluxor"
target = "bcm2712"
digest = "sha256:e0694dc40ee5bc25420bb693c047a6aa5508a59d91bf303803da36966389d8f1"
reference = "bcm2712/fs_tap:0.0.1"

[[artifact]]
kind = "module"
name = "fs_tap"
project = "fluxor"
target = "rp2350"
digest = "sha256:1afe9a4ced2e43e977cf2dd4e6076d8fef8b6ddae2393468a33386b3cdfb86e3"
reference = "rp2350/fs_tap:0.0.1"

[[artifact]]
kind = "module"
name = "gallery_stage"
project = "fluxor"
target = "bcm2712"
digest = "sha256:7b78a68bd0d849a33ef987b52b8f5fc070a0a9c6c1dafdb5af17e6cda2f3e964"
reference = "bcm2712/gallery_stage:0.0.1"

[[artifact]]
kind = "module"
name = "gesture"
project = "fluxor"
target = "bcm2712"
digest = "sha256:9e7fc37dc18fa7e930e27b4bb8e8dd76d7f3cc2445b2f40847ea350677db885c"
reference = "bcm2712/gesture:0.0.1"

[[artifact]]
kind = "module"
name = "gesture"
project = "fluxor"
target = "rp2350"
digest = "sha256:c11c3879ae7bf1c176fdbdb5e4107a54b901951b9b30b7940c127284afd31376"
reference = "rp2350/gesture:0.0.1"

[[artifact]]
kind = "module"
name = "gesture"
project = "fluxor"
target = "wasm"
digest = "sha256:ddf66be81d9e207aecd174baed2201fa6ac80db628825041df486b8d09f21848"
reference = "wasm/gesture:0.0.1"

[[artifact]]
kind = "module"
name = "gpu_replay"
project = "fluxor"
target = "bcm2712"
digest = "sha256:aa7ac047d8977f48f2d3db84e47f4272568aa655ac0cd49f51aa8c3abda5683f"
reference = "bcm2712/gpu_replay:0.0.1"

[[artifact]]
kind = "module"
name = "gpu_replay"
project = "fluxor"
target = "wasm"
digest = "sha256:02828ffaf380569fff4701a36c53ccf4eb076bb31b1aa650b46b2e8b0adce56d"
reference = "wasm/gpu_replay:0.0.1"

[[artifact]]
kind = "module"
name = "graph_slot"
project = "fluxor"
target = "rp2350"
digest = "sha256:649022927f96a5b815b9b473dc526458c8ad5826513f8e7bfea18e9bfc2da48a"
reference = "rp2350/graph_slot:0.0.1"

[[artifact]]
kind = "module"
name = "gt911"
project = "fluxor"
target = "rp2350"
digest = "sha256:df297fac0dbe3040cd9ac893feb8147365f89c4742906e239a6184c4206905c2"
reference = "rp2350/gt911:0.0.1"

[[artifact]]
kind = "module"
name = "i2c_dw"
project = "fluxor"
target = "rp2350"
digest = "sha256:8c0c6e2c7c697ca7fc41672f1e4aced1183e4e298e59986814cc60eb2e0d631f"
reference = "rp2350/i2c_dw:0.0.1"

[[artifact]]
kind = "module"
name = "i2s_pio"
project = "fluxor"
target = "rp2350"
digest = "sha256:6303118b24b2f52710e3b23451a27f709d25f9606bf48e0dbcdd812cc94a4dd3"
reference = "rp2350/i2s_pio:0.0.1"

[[artifact]]
kind = "module"
name = "ip"
project = "fluxor"
target = "bcm2712"
digest = "sha256:0a242d2f89202b7689bbeff56702fdd98b021749406102aafd3cd8363e19baec"
reference = "bcm2712/ip:0.0.1"

[[artifact]]
kind = "module"
name = "ip"
project = "fluxor"
target = "rp2350"
digest = "sha256:1980713bef6a674b43fcdc35d0ad94618ea2430ebe489267fa326648cb65b757"
reference = "rp2350/ip:0.0.1"

[[artifact]]
kind = "module"
name = "iso_heap"
project = "fluxor"
target = "bcm2712"
digest = "sha256:0ae5ec58f6b94649b7222ba136f315e0044009ebb271bc27ab92e0359c21a6b3"
reference = "bcm2712/iso_heap:0.0.1"

[[artifact]]
kind = "module"
name = "iso_probe"
project = "fluxor"
target = "bcm2712"
digest = "sha256:a497ab080e40edbfaa874484405ab3b1c7486394d0d78d8b102f28b932e64c9d"
reference = "bcm2712/iso_probe:0.0.1"

[[artifact]]
kind = "module"
name = "iso_transform"
project = "fluxor"
target = "bcm2712"
digest = "sha256:b46eaad074ab63898cc053728793e445d347cac3ea46848d229918972b77dced"
reference = "bcm2712/iso_transform:0.0.1"

[[artifact]]
kind = "module"
name = "kv_store"
project = "fluxor"
target = "bcm2712"
digest = "sha256:fa9bb723eb9cf39599ed8914f53a2a828c20f0221d459c5093e00470c88d65fa"
reference = "bcm2712/kv_store:0.0.1"

[[artifact]]
kind = "module"
name = "kv_store"
project = "fluxor"
target = "rp2350"
digest = "sha256:5c47b60754f6f1c366dc0bd7a57a65612528723b04bb123a6316a829b9e0308d"
reference = "rp2350/kv_store:0.0.1"

[[artifact]]
kind = "module"
name = "link"
project = "fluxor"
target = "rp2350"
digest = "sha256:bcc39f9ade4d8a5a3667f4741859f9545cbb52c57cf1b1e9ef16a0e012671626"
reference = "rp2350/link:0.0.1"

[[artifact]]
kind = "module"
name = "load_gen"
project = "fluxor"
target = "bcm2712"
digest = "sha256:9321f6cc87789acbcdd12825101dc438643bca2a28542563530acc17df9d6a2f"
reference = "bcm2712/load_gen:0.0.1"

[[artifact]]
kind = "module"
name = "load_gen"
project = "fluxor"
target = "rp2350"
digest = "sha256:98fa1896f246a5a546b4d3ede32501205611bbb5130a2e2e43c630bd3432b45c"
reference = "rp2350/load_gen:0.0.1"

[[artifact]]
kind = "module"
name = "log_net"
project = "fluxor"
target = "bcm2712"
digest = "sha256:0b09b6a81610178ef99cb033287006685cfd14f90153416d54fbc526af2d24d7"
reference = "bcm2712/log_net:0.0.1"

[[artifact]]
kind = "module"
name = "log_net"
project = "fluxor"
target = "rp2350"
digest = "sha256:a2296945069c9a154160f73d209e9edcae35fab20b0dfb9bd3834e536ad3f03a"
reference = "rp2350/log_net:0.0.1"

[[artifact]]
kind = "module"
name = "mem_ns"
project = "fluxor"
target = "bcm2712"
digest = "sha256:5565ee8ee591ad2e673d04b5aaa560b584a96481baed782c7720b8a1cb5ed56c"
reference = "bcm2712/mem_ns:0.0.1"

[[artifact]]
kind = "module"
name = "mem_ns"
project = "fluxor"
target = "rp2350"
digest = "sha256:33be484be25cbe267b76d5b9585c0333b54dabcf06a4124c58f8218e6d1bd7a5"
reference = "rp2350/mem_ns:0.0.1"

[[artifact]]
kind = "module"
name = "mic_pio"
project = "fluxor"
target = "rp2350"
digest = "sha256:5c0c6bc510d865710c54e88f837f79886fced3bda13501ef7d2e92697d355ba2"
reference = "rp2350/mic_pio:0.0.1"

[[artifact]]
kind = "module"
name = "monitor"
project = "fluxor"
target = "bcm2712"
digest = "sha256:87fe157c6856faba54c79c044ed3d548361a74ce488ec00528647f0748626b87"
reference = "bcm2712/monitor:0.0.1"

[[artifact]]
kind = "module"
name = "monitor"
project = "fluxor"
target = "rp2350"
digest = "sha256:7fb43116cfc99056c281f97ccb0a2710e3c47f2a7a11a74fc51d0df3265b4c7d"
reference = "rp2350/monitor:0.0.1"

[[artifact]]
kind = "module"
name = "mount"
project = "fluxor"
target = "bcm2712"
digest = "sha256:31f7bfe3ae90844118799895f38f617baa2648e56f2102a2ea3c68aa80f880de"
reference = "bcm2712/mount:0.0.1"

[[artifact]]
kind = "module"
name = "mount"
project = "fluxor"
target = "rp2350"
digest = "sha256:6b23cae5ad47ba7951992d7dd3d0267faded9ce099192a1ad1a450ddd40fde55"
reference = "rp2350/mount:0.0.1"

[[artifact]]
kind = "module"
name = "mux_echo"
project = "fluxor"
target = "bcm2712"
digest = "sha256:efd1a0eabfadffe656617ceb4adffad3f86a79d58c8470bb9272e7b70c6f9823"
reference = "bcm2712/mux_echo:0.0.1"

[[artifact]]
kind = "module"
name = "mux_echo"
project = "fluxor"
target = "rp2350"
digest = "sha256:cc29cb35e6fb8cbbdedb20fdfe4919dab3bb4a724e7993324b9611fc5b36cd61"
reference = "rp2350/mux_echo:0.0.1"

[[artifact]]
kind = "module"
name = "nvme"
project = "fluxor"
target = "bcm2712"
digest = "sha256:79d154860c7c78eb52001d4265e443403c3cf0a847fab87db391433abeda38e6"
reference = "bcm2712/nvme:0.0.1"

[[artifact]]
kind = "module"
name = "nvme_arena_probe"
project = "fluxor"
target = "bcm2712"
digest = "sha256:82f0fae2d005395201ad0af5a2e63fb723c72ed20ca73b89f23ced1fcce267c4"
reference = "bcm2712/nvme_arena_probe:0.0.1"

[[artifact]]
kind = "module"
name = "nvme_perf_probe"
project = "fluxor"
target = "bcm2712"
digest = "sha256:649a03bd0ad23a19687cf34a7bd9615f9aaa9ee56366584bd0f7322563b51da4"
reference = "bcm2712/nvme_perf_probe:0.0.1"

[[artifact]]
kind = "module"
name = "object_bank"
project = "fluxor"
target = "bcm2712"
digest = "sha256:7860894b31cf3cbd48cdddbd1952eb47b2709cd1751f4657de0b0b871fdeede1"
reference = "bcm2712/object_bank:0.0.1"

[[artifact]]
kind = "module"
name = "object_bank"
project = "fluxor"
target = "rp2350"
digest = "sha256:2019aace8f4c23674a5f7ab998554a9ca76ce4723598eb2b28101806ec9e7ff9"
reference = "rp2350/object_bank:0.0.1"

[[artifact]]
kind = "module"
name = "object_bank"
project = "fluxor"
target = "wasm"
digest = "sha256:b9fe672b7b65a37c4918faac059833251aad750992ef341c8cd7a617513d15d9"
reference = "wasm/object_bank:0.0.1"

[[artifact]]
kind = "module"
name = "observe"
project = "fluxor"
target = "bcm2712"
digest = "sha256:5ddc7ceac6dcf9f671834352b2f6307162eb82164c34648c33d2537394a67096"
reference = "bcm2712/observe:0.0.1"

[[artifact]]
kind = "module"
name = "observe"
project = "fluxor"
target = "rp2350"
digest = "sha256:220999157ea27b8644ef23453ca89b154a256168d666e5788dbf51c8acd1a562"
reference = "rp2350/observe:0.0.1"

[[artifact]]
kind = "module"
name = "ota_ingest"
project = "fluxor"
target = "rp2350"
digest = "sha256:4d6f4d694f0583c41e579477f40380157ec3277db2a49cf3b0a1d24a262f55d5"
reference = "rp2350/ota_ingest:0.0.1"

[[artifact]]
kind = "module"
name = "ota_registry"
project = "fluxor"
target = "bcm2712"
digest = "sha256:b6ff5047e2c1550bbd52e36789a7a734963a6f7c0f992f255668a6a0318655fc"
reference = "bcm2712/ota_registry:0.0.1"

[[artifact]]
kind = "module"
name = "otel"
project = "fluxor"
target = "bcm2712"
digest = "sha256:f2c2d888eb8d6d2704eb148398693f5f8d2934a1e887876a3dc9ee98c1b1e337"
reference = "bcm2712/otel:0.0.1"

[[artifact]]
kind = "module"
name = "otel"
project = "fluxor"
target = "rp2350"
digest = "sha256:9d077cbf7f1edb798aa2b0c545be0404416ae7a1b9383f9da37ca179ee45dd11"
reference = "rp2350/otel:0.0.1"

[[artifact]]
kind = "module"
name = "otel-min"
project = "fluxor"
target = "bcm2712"
digest = "sha256:b5ef1b59bddc2a48ceb80e80509c2131635d93b961ea3dbfa5575c7af27d43de"
reference = "bcm2712/otel-min:0.0.1"

[[artifact]]
kind = "module"
name = "otel-min"
project = "fluxor"
target = "rp2350"
digest = "sha256:7bb267e0f521c2faf42cea60863d90519047e08a0d42e6270ef09936da15093c"
reference = "rp2350/otel-min:0.0.1"

[[artifact]]
kind = "module"
name = "packet_echo_director"
project = "fluxor"
target = "bcm2712"
digest = "sha256:5b6b4e9c01033281ef4c295f7780bd0cf36b0f93ff8c5297cfa09c538b8f1439"
reference = "bcm2712/packet_echo_director:0.0.1"

[[artifact]]
kind = "module"
name = "packet_echo_director"
project = "fluxor"
target = "rp2350"
digest = "sha256:fbde19b4bea4a008a06f775ccc1e907f733a9d52ad9aaf1c6ebc299ab735ec2d"
reference = "rp2350/packet_echo_director:0.0.1"

[[artifact]]
kind = "module"
name = "panel_surface_traits"
project = "fluxor"
target = "bcm2712"
digest = "sha256:510b20c124a351d821079f3f352632b1fbeb9f8464de24721ae8b3d65afece49"
reference = "bcm2712/panel_surface_traits:0.0.1"

[[artifact]]
kind = "module"
name = "panel_surface_traits"
project = "fluxor"
target = "rp2350"
digest = "sha256:1e304f0ff6fdc536078553182688e2e0b3a60447ecaffe97587ba4d918838099"
reference = "rp2350/panel_surface_traits:0.0.1"

[[artifact]]
kind = "module"
name = "pause_driver"
project = "fluxor"
target = "bcm2712"
digest = "sha256:cd5422de870e44720be7509f1a0528f76e5d144c8799fc2ffaecf246e52f0e9f"
reference = "bcm2712/pause_driver:0.0.1"

[[artifact]]
kind = "module"
name = "pause_probe"
project = "fluxor"
target = "bcm2712"
digest = "sha256:71be3434f858acf8af532e2a4c256045ff2a92cffcbbdb8470b00700df23377b"
reference = "bcm2712/pause_probe:0.0.1"

[[artifact]]
kind = "module"
name = "pcie_scan"
project = "fluxor"
target = "bcm2712"
digest = "sha256:b173138dd5cf87dffeeacb509ce0befd5854f0feb39531150b9b8bdf55828d1f"
reference = "bcm2712/pcie_scan:0.0.1"

[[artifact]]
kind = "module"
name = "pio_rp"
project = "fluxor"
target = "rp2350"
digest = "sha256:354dc9c1b73fb22d47ec0b65956c9d3f0ece62408177c9ce737dd5936970581e"
reference = "rp2350/pio_rp:0.0.1"

[[artifact]]
kind = "module"
name = "pkt_filter"
project = "fluxor"
target = "bcm2712"
digest = "sha256:49ffabad0b5fe578b52a7d6f8e38c7083d9dd100b19eb67838d9e8bab9c3b5aa"
reference = "bcm2712/pkt_filter:0.0.1"

[[artifact]]
kind = "module"
name = "pkt_filter"
project = "fluxor"
target = "rp2350"
digest = "sha256:e73ea5d0240067a3dd9c715ba810adde69d5e061bbf4a7e0c8119f9b1deb543b"
reference = "rp2350/pkt_filter:0.0.1"

[[artifact]]
kind = "module"
name = "presentation_resolver"
project = "fluxor"
target = "bcm2712"
digest = "sha256:2cec308e70f6acc3a2c02ba8dd9474b291c9fe7095585d2535fbf3dcde36070b"
reference = "bcm2712/presentation_resolver:0.0.1"

[[artifact]]
kind = "module"
name = "presentation_resolver"
project = "fluxor"
target = "rp2350"
digest = "sha256:1ab83339bbf64e9e8ebaeef709dfce45c0e3abf23ebf97f6c53a67ad1bfccf94"
reference = "rp2350/presentation_resolver:0.0.1"

[[artifact]]
kind = "module"
name = "presentation_resolver"
project = "fluxor"
target = "wasm"
digest = "sha256:bf31c3b1aca168ecc271a6da15d4ade1f10dd9a990a416ca455cc578888dd91a"
reference = "wasm/presentation_resolver:0.0.1"

[[artifact]]
kind = "module"
name = "pwm_out"
project = "fluxor"
target = "rp2350"
digest = "sha256:72253c612eba6b4b06d5338cb7bef375501cd76927f4628751a60ee6cf8145fa"
reference = "rp2350/pwm_out:0.0.1"

[[artifact]]
kind = "module"
name = "pwm_rp"
project = "fluxor"
target = "rp2350"
digest = "sha256:41209b76c326454828915022e6a844c74fa18d1fa5a1654d65c1bc99a3a8d83c"
reference = "rp2350/pwm_rp:0.0.1"

[[artifact]]
kind = "module"
name = "quic"
project = "fluxor"
target = "bcm2712"
digest = "sha256:115ed0b308987e9c53a55e3783cd523911f55d5a33046af58f427f3ede26a20c"
reference = "bcm2712/quic:0.0.1"

[[artifact]]
kind = "module"
name = "reconfigure"
project = "fluxor"
target = "bcm2712"
digest = "sha256:f21f0bb8738bc3b2370b534e12c4ede57f5f4e3a079220b09049cfb0e21fdfce"
reference = "bcm2712/reconfigure:0.0.1"

[[artifact]]
kind = "module"
name = "reconfigure"
project = "fluxor"
target = "rp2350"
digest = "sha256:b08e6998ce0a954e176c3df9203d3855b92a4034b9324e7b01eecdfb50505b90"
reference = "rp2350/reconfigure:0.0.1"

[[artifact]]
kind = "module"
name = "remote_channel"
project = "fluxor"
target = "bcm2712"
digest = "sha256:34d5e951e8500ba281df15c83ee27fbb8624a8f86ced9717ae6b7c4531c5d7c8"
reference = "bcm2712/remote_channel:0.0.1"

[[artifact]]
kind = "module"
name = "remote_channel"
project = "fluxor"
target = "rp2350"
digest = "sha256:4a882ccdb9dbe45e3ccc1d658dcd0de418f3e1bc2e2d841c50adce742f3eb505"
reference = "rp2350/remote_channel:0.0.1"

[[artifact]]
kind = "module"
name = "remote_channel"
project = "fluxor"
target = "wasm"
digest = "sha256:e991eb96ebcff31ba8c88b46dc4868d2ffb9495ad8c478729daa9b12cc2950e1"
reference = "wasm/remote_channel:0.0.1"

[[artifact]]
kind = "module"
name = "rp1_gem"
project = "fluxor"
target = "bcm2712"
digest = "sha256:fd68467af7a00434e2550e2c6d0a6fa7ef828296ecae9d0af2c19933e52699c4"
reference = "bcm2712/rp1_gem:0.0.1"

[[artifact]]
kind = "module"
name = "rules"
project = "fluxor"
target = "rp2350"
digest = "sha256:ebb2aa97064c503a26e0bacc7ef1ee3ad158dc25bd7249c80841285a3f1511bb"
reference = "rp2350/rules:0.0.1"

[[artifact]]
kind = "module"
name = "sd"
project = "fluxor"
target = "rp2350"
digest = "sha256:434f786a3fec9a9840e1b38cc77a9c868ed6f456a79731a5ec481d1e6fe265ed"
reference = "rp2350/sd:0.0.1"

[[artifact]]
kind = "module"
name = "smmu"
project = "fluxor"
target = "bcm2712"
digest = "sha256:5b04b9165cdd9eac51462d41ee7e9bfad51475199e6b12b1295de63495786eba"
reference = "bcm2712/smmu:0.0.1"

[[artifact]]
kind = "module"
name = "spi_pl022"
project = "fluxor"
target = "rp2350"
digest = "sha256:2f2850cce90b0cdb1832368476f5fcc1fed41073c503b14f90aff9527e2e3e2b"
reference = "rp2350/spi_pl022:0.0.1"

[[artifact]]
kind = "module"
name = "st7701s"
project = "fluxor"
target = "rp2350"
digest = "sha256:8caaa7f62b7258eb95a25f311ae2bd4243a36bad994dbda70700387139a09a2a"
reference = "rp2350/st7701s:0.0.1"

[[artifact]]
kind = "module"
name = "store_probe"
project = "fluxor"
target = "bcm2712"
digest = "sha256:455b6c8766ee92788ec4aa8342e7620fec2116947e4ea4a108ff0eeeb544c73a"
reference = "bcm2712/store_probe:0.0.1"

[[artifact]]
kind = "module"
name = "store_seed"
project = "fluxor"
target = "bcm2712"
digest = "sha256:bb5ea0c409b10180417cff07d71dfe0a5b853dbb303db6fa86d7a85a2e7a3876"
reference = "bcm2712/store_seed:0.0.1"

[[artifact]]
kind = "module"
name = "synth_source"
project = "fluxor"
target = "bcm2712"
digest = "sha256:a91dd15f9a3ab5d57ae2e0e59f0873b5a9e405cb4be678ef00a7837b6a8b104d"
reference = "bcm2712/synth_source:0.0.1"

[[artifact]]
kind = "module"
name = "synth_source"
project = "fluxor"
target = "rp2350"
digest = "sha256:b80d0d06da53f565d52ccb9d81c2575177c7f925d5c16d1ac8879f09febd9161"
reference = "rp2350/synth_source:0.0.1"

[[artifact]]
kind = "module"
name = "temp_sensor"
project = "fluxor"
target = "rp2350"
digest = "sha256:6d754ad493ab2612a59cecfe4e211de381ed1036aaa5549a0b42de8f07f98ee7"
reference = "rp2350/temp_sensor:0.0.1"

[[artifact]]
kind = "module"
name = "test_fault"
project = "fluxor"
target = "bcm2712"
digest = "sha256:58758fb4dd3abf4cd8b978385bc4d69f2babb42022aeaee08c959f7cb5fa0279"
reference = "bcm2712/test_fault:0.0.1"

[[artifact]]
kind = "module"
name = "test_fault"
project = "fluxor"
target = "rp2350"
digest = "sha256:0ef75c2fd687031b8daf6626aac46993e69c50174cac2e6d59135a6699a060b9"
reference = "rp2350/test_fault:0.0.1"

[[artifact]]
kind = "module"
name = "tier2_probe"
project = "fluxor"
target = "bcm2712"
digest = "sha256:1e2215093408ad3ab3c7f075dd690c930599e8bfadc26a1e922b1a906efea976"
reference = "bcm2712/tier2_probe:0.0.1"

[[artifact]]
kind = "module"
name = "tls"
project = "fluxor"
target = "bcm2712"
digest = "sha256:6cecb8b3479df22e330afc2d9bfa01c30779d0653fc88e1f771f7973552f317b"
reference = "bcm2712/tls:0.0.1"

[[artifact]]
kind = "module"
name = "tls"
project = "fluxor"
target = "rp2350"
digest = "sha256:c86bda8fff5069f69dad68a04576b5bee1931a915c82e148716f2c3291c11110"
reference = "rp2350/tls:0.0.1"

[[artifact]]
kind = "module"
name = "transport_buffer"
project = "fluxor"
target = "bcm2712"
digest = "sha256:5965b1f7f04c82e4a41b91659a03cf65f0e572d14f43eaf03d726a46eecee222"
reference = "bcm2712/transport_buffer:0.0.1"

[[artifact]]
kind = "module"
name = "transport_buffer"
project = "fluxor"
target = "rp2350"
digest = "sha256:706edda0e8f99705677c1982e8d361ea1f2ca1c751a6908f1b9ac69655b9e4e8"
reference = "rp2350/transport_buffer:0.0.1"

[[artifact]]
kind = "module"
name = "uart_pl011"
project = "fluxor"
target = "rp2350"
digest = "sha256:c25868bf1f1bb53a32ad5e7a9598925ca72b009fed53a111c70a7e6b3d6c13fe"
reference = "rp2350/uart_pl011:0.0.1"

[[artifact]]
kind = "module"
name = "usb_midi_host"
project = "fluxor"
target = "bcm2712"
digest = "sha256:008363c0a8af1b082812dc543d130ff602a3dfc7b4ec5cabd386254ead0722a5"
reference = "bcm2712/usb_midi_host:0.0.1"

[[artifact]]
kind = "module"
name = "usb_midi_host"
project = "fluxor"
target = "rp2350"
digest = "sha256:df45bfb82ec91da968f7ddfe2db653b786882ccaaf519b50b35a8b0ed29fd6f8"
reference = "rp2350/usb_midi_host:0.0.1"

[[artifact]]
kind = "module"
name = "virtio_net"
project = "fluxor"
target = "bcm2712"
digest = "sha256:b6561f86bb8a582dcdeb07ee85457fb90c4e6e6f5d57b0ba84dd416bee000698"
reference = "bcm2712/virtio_net:0.0.1"

[[artifact]]
kind = "module"
name = "wake_snk"
project = "fluxor"
target = "bcm2712"
digest = "sha256:0fc8a357000ca27e1d3c24a026556bb9ec83c8cb63da1570ffc11a967a70dc50"
reference = "bcm2712/wake_snk:0.0.1"

[[artifact]]
kind = "module"
name = "wake_src"
project = "fluxor"
target = "bcm2712"
digest = "sha256:7de636cebae79d6e62fa52dbbc4502676fe5c9a59931066e60b0d14d9e4c91bf"
reference = "bcm2712/wake_src:0.0.1"

[[artifact]]
kind = "module"
name = "wifi"
project = "fluxor"
target = "rp2350"
digest = "sha256:1388e04088f308f8faee0eea179c821b912780f16ff4f85c1425b69eb3940617"
reference = "rp2350/wifi:0.0.1"

[[artifact]]
kind = "runtime"
name = "fluxor"
project = "fluxor"
target = "aarch64-unknown-linux-gnu"
digest = "sha256:4406069be338d210fceb2604ea7e69cbb33b03d72db0aff065942e354d3c7bfb"
reference = "fluxor/run/fluxor-aarch64-unknown-linux-gnu:0.0.1"

[[artifact]]
kind = "runtime"
name = "fluxor-linux"
project = "fluxor"
target = "aarch64-unknown-linux-gnu"
digest = "sha256:0fd16fb545c95610abc010ffefc250a45f456dc28e9ac7280644670cb08e6f3c"
reference = "fluxor/run/fluxor-linux-aarch64-unknown-linux-gnu:0.0.1"

[[artifact]]
kind = "source"
name = "fluxor-abi"
project = "fluxor"
digest = "sha256:8c79b22126c7272b6694bef87fdfa0af61fe963542d160a926e5d6da2632e553"
reference = "fluxor/src/fluxor-abi:0.0.1"

[[artifact]]
kind = "source"
name = "fluxor-contracts"
project = "fluxor"
digest = "sha256:f0b8722e040a071f26c9a9237b13f6b0608afaca9d6e5617f3c083c1dbb340e1"
reference = "fluxor/src/fluxor-contracts:0.0.1"
